{
    "_meta": {
        "hash": {
            "sha256": "3e2b7115229b27c0ac3c99ce60c6e603eb3966a5091e89fe885982c5895b5b30"
        },
        "pipfile-spec": 6,
        "requires": {
            "python_version": "3.6"
        },
        "sources": [
            {
                "name": "pypi",
                "url": "https://pypi.org/simple",
                "verify_ssl": true
            }
        ]
    },
    "default": {
        "generic": {
            "hashes": [
                "sha256:22157b97cf1dc05d3c10b78c193131f4c9d3453e22363f5042b726499c3d4ee2"
            ],
            "index": "pypi",
            "version": "==0.3.1"
        }
    },
    "develop": {}
}
